
Microsoft Visual Studio Solution File, Format Version 12.00
# Visual Studio Version 16
VisualStudioVersion = 16.0.31313.79
MinimumVisualStudioVersion = 10.0.40219.1
Project("{FAE04EC0-301F-11D3-BF4B-00C04F79EFBC}") = "StarMapRebalanced", "StarMapRebalanced\StarMapRebalanced.csproj", "{A2E23594-D77F-4FAC-83E3-E8CAA4F4F161}"
EndProject
Global
	GlobalSection(SolutionConfigurationPlatforms) = preSolution
		Debug|Any CPU = Debug|Any CPU
		Release|Any CPU = Release|Any CPU
	EndGlobalSection
	GlobalSection(ProjectConfigurationPlatforms) = postSolution
		{A2E23594-D77F-4FAC-83E3-E8CAA4F4F161}.Debug|Any CPU.ActiveCfg = Debug|Any CPU
		{A2E23594-D77F-4FAC-83E3-E8CAA4F4F161}.Debug|Any CPU.Build.0 = Debug|Any CPU
		{A2E23594-D77F-4FAC-83E3-E8CAA4F4F161}.Release|Any CPU.ActiveCfg = Release|Any CPU
		{A2E23594-D77F-4FAC-83E3-E8CAA4F4F161}.Release|Any CPU.Build.0 = Release|Any CPU
	EndGlobalSection
	GlobalSection(SolutionProperties) = preSolution
		HideSolutionNode = FALSE
	EndGlobalSection
	GlobalSection(ExtensibilityGlobals) = postSolution
		SolutionGuid = {38981C95-3E2A-46C6-9082-06C3C75BAD6C}
	EndGlobalSection
EndGlobal
