
Microsoft Visual Studio Solution File, Format Version 12.00
# Visual Studio Version 17
VisualStudioVersion = 17.7.34221.43
MinimumVisualStudioVersion = 10.0.40219.1
Project("{FAE04EC0-301F-11D3-BF4B-00C04F79EFBC}") = "BionicFixes", "BionicFixes\BionicFixes.csproj", "{5355C10F-2253-45D8-83DD-5C102CB9E3BD}"
EndProject
Global
	GlobalSection(SolutionConfigurationPlatforms) = preSolution
		Debug|Any CPU = Debug|Any CPU
		Release|Any CPU = Release|Any CPU
	EndGlobalSection
	GlobalSection(ProjectConfigurationPlatforms) = postSolution
		{5355C10F-2253-45D8-83DD-5C102CB9E3BD}.Debug|Any CPU.ActiveCfg = Debug|Any CPU
		{5355C10F-2253-45D8-83DD-5C102CB9E3BD}.Debug|Any CPU.Build.0 = Debug|Any CPU
		{5355C10F-2253-45D8-83DD-5C102CB9E3BD}.Release|Any CPU.ActiveCfg = Release|Any CPU
		{5355C10F-2253-45D8-83DD-5C102CB9E3BD}.Release|Any CPU.Build.0 = Release|Any CPU
	EndGlobalSection
	GlobalSection(SolutionProperties) = preSolution
		HideSolutionNode = FALSE
	EndGlobalSection
	GlobalSection(ExtensibilityGlobals) = postSolution
		SolutionGuid = {2A0B4204-EC91-4DDF-84D5-5A623AC8FC84}
	EndGlobalSection
EndGlobal
