
Microsoft Visual Studio Solution File, Format Version 12.00
# Visual Studio Version 16
VisualStudioVersion = 16.0.31313.79
MinimumVisualStudioVersion = 10.0.40219.1
Project("{FAE04EC0-301F-11D3-BF4B-00C04F79EFBC}") = "No Puft Prince", "No Puft Prince\No Puft Prince.csproj", "{DFC0FB88-9206-4727-B10F-31C52EC86C08}"
EndProject
Global
	GlobalSection(SolutionConfigurationPlatforms) = preSolution
		Debug|Any CPU = Debug|Any CPU
		Release|Any CPU = Release|Any CPU
	EndGlobalSection
	GlobalSection(ProjectConfigurationPlatforms) = postSolution
		{DFC0FB88-9206-4727-B10F-31C52EC86C08}.Debug|Any CPU.ActiveCfg = Debug|Any CPU
		{DFC0FB88-9206-4727-B10F-31C52EC86C08}.Debug|Any CPU.Build.0 = Debug|Any CPU
		{DFC0FB88-9206-4727-B10F-31C52EC86C08}.Release|Any CPU.ActiveCfg = Release|Any CPU
		{DFC0FB88-9206-4727-B10F-31C52EC86C08}.Release|Any CPU.Build.0 = Release|Any CPU
	EndGlobalSection
	GlobalSection(SolutionProperties) = preSolution
		HideSolutionNode = FALSE
	EndGlobalSection
	GlobalSection(ExtensibilityGlobals) = postSolution
		SolutionGuid = {694D5F66-9901-4C53-8C50-3A457C7CDF23}
	EndGlobalSection
EndGlobal
