
Microsoft Visual Studio Solution File, Format Version 12.00
# Visual Studio Version 16
VisualStudioVersion = 16.0.31313.79
MinimumVisualStudioVersion = 10.0.40219.1
Project("{FAE04EC0-301F-11D3-BF4B-00C04F79EFBC}") = "ConfigurableSteamTurbine", "ConfigurableSteamTurbine\ConfigurableSteamTurbine.csproj", "{BDDB9209-7833-4FED-AB1A-74267378ACAE}"
EndProject
Global
	GlobalSection(SolutionConfigurationPlatforms) = preSolution
		Debug|Any CPU = Debug|Any CPU
		Release|Any CPU = Release|Any CPU
	EndGlobalSection
	GlobalSection(ProjectConfigurationPlatforms) = postSolution
		{BDDB9209-7833-4FED-AB1A-74267378ACAE}.Debug|Any CPU.ActiveCfg = Debug|Any CPU
		{BDDB9209-7833-4FED-AB1A-74267378ACAE}.Debug|Any CPU.Build.0 = Debug|Any CPU
		{BDDB9209-7833-4FED-AB1A-74267378ACAE}.Release|Any CPU.ActiveCfg = Release|Any CPU
		{BDDB9209-7833-4FED-AB1A-74267378ACAE}.Release|Any CPU.Build.0 = Release|Any CPU
	EndGlobalSection
	GlobalSection(SolutionProperties) = preSolution
		HideSolutionNode = FALSE
	EndGlobalSection
	GlobalSection(ExtensibilityGlobals) = postSolution
		SolutionGuid = {150B0A24-1F29-440C-B15F-42FE5AC2FB2E}
	EndGlobalSection
EndGlobal
