
Microsoft Visual Studio Solution File, Format Version 12.00
# Visual Studio Version 16
VisualStudioVersion = 16.0.31313.79
MinimumVisualStudioVersion = 10.0.40219.1
Project("{FAE04EC0-301F-11D3-BF4B-00C04F79EFBC}") = "Sanishells Clear Water", "Sanishells Clear Water\Sanishells Clear Water.csproj", "{A37A3276-0901-4F5A-9A02-B6827B60F3B1}"
EndProject
Global
	GlobalSection(SolutionConfigurationPlatforms) = preSolution
		Debug|Any CPU = Debug|Any CPU
		Release|Any CPU = Release|Any CPU
	EndGlobalSection
	GlobalSection(ProjectConfigurationPlatforms) = postSolution
		{A37A3276-0901-4F5A-9A02-B6827B60F3B1}.Debug|Any CPU.ActiveCfg = Debug|Any CPU
		{A37A3276-0901-4F5A-9A02-B6827B60F3B1}.Debug|Any CPU.Build.0 = Debug|Any CPU
		{A37A3276-0901-4F5A-9A02-B6827B60F3B1}.Release|Any CPU.ActiveCfg = Release|Any CPU
		{A37A3276-0901-4F5A-9A02-B6827B60F3B1}.Release|Any CPU.Build.0 = Release|Any CPU
	EndGlobalSection
	GlobalSection(SolutionProperties) = preSolution
		HideSolutionNode = FALSE
	EndGlobalSection
	GlobalSection(ExtensibilityGlobals) = postSolution
		SolutionGuid = {D87DA29B-ECAA-4748-AAB6-C7DC683E32AF}
	EndGlobalSection
EndGlobal
