
Microsoft Visual Studio Solution File, Format Version 12.00
# Visual Studio Version 16
VisualStudioVersion = 16.0.31313.79
MinimumVisualStudioVersion = 10.0.40219.1
Project("{FAE04EC0-301F-11D3-BF4B-00C04F79EFBC}") = "CooledStorage", "CooledStorage\CooledStorage.csproj", "{5D8CDB00-E700-47E8-AA2A-FAC612353F76}"
EndProject
Global
	GlobalSection(SolutionConfigurationPlatforms) = preSolution
		Debug|Any CPU = Debug|Any CPU
		Release|Any CPU = Release|Any CPU
	EndGlobalSection
	GlobalSection(ProjectConfigurationPlatforms) = postSolution
		{5D8CDB00-E700-47E8-AA2A-FAC612353F76}.Debug|Any CPU.ActiveCfg = Debug|Any CPU
		{5D8CDB00-E700-47E8-AA2A-FAC612353F76}.Debug|Any CPU.Build.0 = Debug|Any CPU
		{5D8CDB00-E700-47E8-AA2A-FAC612353F76}.Release|Any CPU.ActiveCfg = Release|Any CPU
		{5D8CDB00-E700-47E8-AA2A-FAC612353F76}.Release|Any CPU.Build.0 = Release|Any CPU
	EndGlobalSection
	GlobalSection(SolutionProperties) = preSolution
		HideSolutionNode = FALSE
	EndGlobalSection
	GlobalSection(ExtensibilityGlobals) = postSolution
		SolutionGuid = {783EB27F-3AE2-40D1-BDC0-C3FA1D208CD5}
	EndGlobalSection
EndGlobal
