
Microsoft Visual Studio Solution File, Format Version 12.00
# Visual Studio Version 16
VisualStudioVersion = 16.0.31313.79
MinimumVisualStudioVersion = 10.0.40219.1
Project("{FAE04EC0-301F-11D3-BF4B-00C04F79EFBC}") = "Advanced Coolers", "Advanced Coolers\Advanced Coolers.csproj", "{B6434513-FA94-4D15-9B66-528DCB9CC662}"
EndProject
Global
	GlobalSection(SolutionConfigurationPlatforms) = preSolution
		Debug|Any CPU = Debug|Any CPU
		Release|Any CPU = Release|Any CPU
	EndGlobalSection
	GlobalSection(ProjectConfigurationPlatforms) = postSolution
		{B6434513-FA94-4D15-9B66-528DCB9CC662}.Debug|Any CPU.ActiveCfg = Debug|Any CPU
		{B6434513-FA94-4D15-9B66-528DCB9CC662}.Debug|Any CPU.Build.0 = Debug|Any CPU
		{B6434513-FA94-4D15-9B66-528DCB9CC662}.Release|Any CPU.ActiveCfg = Release|Any CPU
		{B6434513-FA94-4D15-9B66-528DCB9CC662}.Release|Any CPU.Build.0 = Release|Any CPU
	EndGlobalSection
	GlobalSection(SolutionProperties) = preSolution
		HideSolutionNode = FALSE
	EndGlobalSection
	GlobalSection(ExtensibilityGlobals) = postSolution
		SolutionGuid = {2A3BFE2E-6995-4ECF-938E-19B4F2A9DC68}
	EndGlobalSection
EndGlobal
